{
  "version": 4,
  "terraform_version": "0.12.24",
  "serial": 32,
  "lineage": "c05d5af9-9a5b-4871-e3b8-2d112e0cb672",
  "outputs": {},
  "resources": [
    {
      "mode": "managed",
      "type": "aws_instance",
      "name": "example",
      "provider": "provider.aws",
      "instances": [
        {
          "schema_version": 1,
          "attributes": {
            "ami": "ami-00edfb46b107f643c",
            "arn": "arn:aws:ec2:ap-northeast-2:605531285191:instance/i-0ae3ca098f0fa77c5",
            "associate_public_ip_address": true,
            "availability_zone": "ap-northeast-2c",
            "cpu_core_count": 1,
            "cpu_threads_per_core": 1,
            "credit_specification": [
              {
                "cpu_credits": "standard"
              }
            ],
            "disable_api_termination": false,
            "ebs_block_device": [],
            "ebs_optimized": false,
            "ephemeral_block_device": [],
            "get_password_data": false,
            "hibernation": false,
            "host_id": null,
            "iam_instance_profile": "",
            "id": "i-0ae3ca098f0fa77c5",
            "instance_initiated_shutdown_behavior": null,
            "instance_state": "running",
            "instance_type": "t2.micro",
            "ipv6_address_count": 0,
            "ipv6_addresses": [],
            "key_name": "mykey",
            "metadata_options": [
              {
                "http_endpoint": "enabled",
                "http_put_response_hop_limit": 1,
                "http_tokens": "optional"
              }
            ],
            "monitoring": false,
            "network_interface": [],
            "network_interface_id": null,
            "outpost_arn": "",
            "password_data": "",
            "placement_group": "",
            "primary_network_interface_id": "eni-072d854a75be39752",
            "private_dns": "ip-172-31-45-165.ap-northeast-2.compute.internal",
            "private_ip": "172.31.45.165",
            "public_dns": "ec2-13-209-76-244.ap-northeast-2.compute.amazonaws.com",
            "public_ip": "13.209.76.244",
            "root_block_device": [
              {
                "delete_on_termination": true,
                "device_name": "/dev/sda1",
                "encrypted": false,
                "iops": 100,
                "kms_key_id": "",
                "volume_id": "vol-0cccb057784c7b9e1",
                "volume_size": 8,
                "volume_type": "gp2"
              }
            ],
            "security_groups": [
              "default"
            ],
            "source_dest_check": true,
            "subnet_id": "subnet-056ade9fb23cd43a0",
            "tags": {
              "Name": "myTF"
            },
            "tenancy": "default",
            "timeouts": null,
            "user_data": null,
            "user_data_base64": null,
            "volume_tags": {},
            "vpc_security_group_ids": [
              "sg-04a7d361a1083d449"
            ]
          },
          "private": "eyJlMmJmYjczMC1lY2FhLTExZTYtOGY4OC0zNDM2M2JjN2M0YzAiOnsiY3JlYXRlIjo2MDAwMDAwMDAwMDAsImRlbGV0ZSI6MTIwMDAwMDAwMDAwMCwidXBkYXRlIjo2MDAwMDAwMDAwMDB9LCJzY2hlbWFfdmVyc2lvbiI6IjEifQ==",
          "dependencies": [
            "aws_key_pair.mykey"
          ]
        }
      ]
    },
    {
      "mode": "managed",
      "type": "aws_key_pair",
      "name": "mykey",
      "provider": "provider.aws",
      "instances": [
        {
          "schema_version": 1,
          "attributes": {
            "fingerprint": "3e:9f:64:30:40:82:b4:2e:92:12:be:3a:dd:3b:ea:8a",
            "id": "mykey",
            "key_name": "mykey",
            "key_name_prefix": null,
            "key_pair_id": "key-00bf941ede4952eb0",
            "public_key": "ssh-rsa AAAAB3NzaC1yc2EAAAADAQABAAABgQCq4iQs1O3fwkO640YF2xyHzgouXUfdo2yWfMTF9ZSAxyMgi5Tk3J4cXB3V6VrZjEV/Sb1JpwJHTLjbu4fXaNrgznVSFrzTTr5rNGM5SrwUgwWawxEqyzaqhHKK1ZUMrjiCA/S96R7dZtcp63JwbVYHjD2gJxAIJafA8bvSHmC2IeP9femHULkiykVNMipVvQQQb71t3EMgyQ8DcK4DUCShXC0snyLhWgDDCJn4yiu0RSlSq+CVoInKb1noSpaCOahxLCKXMvflIfXgrzLgqkevmaW14Hf4dRk1zr5cny5En50zuoBvB0oLzupEooXHCiUHJngVHp6xRXPh4wPB9AKDtXyTECqZ1R4bsAVZJGf2J6t2MNC+IEPB6qSS0x77hgYGbmaRzXvQ0S3ns8K8HWW05w33wU5VZo9PJ/76Cl1imUxxLREgOupMcFYkUiBn38b3JI9wT1gYg2eoKwlBFIDGzMsDaU4sXei6/G+bnO/Dc6gL/qSMfnwm4WZK5+wH2xU= jaykim@Jayui-MBP",
            "tags": null
          },
          "private": "eyJzY2hlbWFfdmVyc2lvbiI6IjEifQ=="
        }
      ]
    }
  ]
}
